
Microsoft Visual Studio Solution File, Format Version 12.00
# Visual Studio Version 17
VisualStudioVersion = 17.14.36301.6 d17.14
MinimumVisualStudioVersion = 10.0.40219.1
Project("{FAE04EC0-301F-11D3-BF4B-00C04F79EFBC}") = "TesteTM1", "TesteTM1\TesteTM1.csproj", "{02FB5AC5-DC53-43B0-851D-C00490DF74BF}"
EndProject
Global
	GlobalSection(SolutionConfigurationPlatforms) = preSolution
		Debug|Any CPU = Debug|Any CPU
		Release|Any CPU = Release|Any CPU
	EndGlobalSection
	GlobalSection(ProjectConfigurationPlatforms) = postSolution
		{02FB5AC5-DC53-43B0-851D-C00490DF74BF}.Debug|Any CPU.ActiveCfg = Debug|Any CPU
		{02FB5AC5-DC53-43B0-851D-C00490DF74BF}.Debug|Any CPU.Build.0 = Debug|Any CPU
		{02FB5AC5-DC53-43B0-851D-C00490DF74BF}.Release|Any CPU.ActiveCfg = Release|Any CPU
		{02FB5AC5-DC53-43B0-851D-C00490DF74BF}.Release|Any CPU.Build.0 = Release|Any CPU
	EndGlobalSection
	GlobalSection(SolutionProperties) = preSolution
		HideSolutionNode = FALSE
	EndGlobalSection
	GlobalSection(ExtensibilityGlobals) = postSolution
		SolutionGuid = {1F486F51-E397-46AE-80F1-7BEC578DC7B5}
	EndGlobalSection
EndGlobal
