
Microsoft Visual Studio Solution File, Format Version 12.00
# Visual Studio Version 17
VisualStudioVersion = 17.14.36301.6 d17.14
MinimumVisualStudioVersion = 10.0.40219.1
Project("{FAE04EC0-301F-11D3-BF4B-00C04F79EFBC}") = "TesteTM2", "TesteTM2\TesteTM2.csproj", "{1D939DA6-7BBD-4477-8511-3DBEAE5EE6DC}"
EndProject
Global
	GlobalSection(SolutionConfigurationPlatforms) = preSolution
		Debug|Any CPU = Debug|Any CPU
		Release|Any CPU = Release|Any CPU
	EndGlobalSection
	GlobalSection(ProjectConfigurationPlatforms) = postSolution
		{1D939DA6-7BBD-4477-8511-3DBEAE5EE6DC}.Debug|Any CPU.ActiveCfg = Debug|Any CPU
		{1D939DA6-7BBD-4477-8511-3DBEAE5EE6DC}.Debug|Any CPU.Build.0 = Debug|Any CPU
		{1D939DA6-7BBD-4477-8511-3DBEAE5EE6DC}.Release|Any CPU.ActiveCfg = Release|Any CPU
		{1D939DA6-7BBD-4477-8511-3DBEAE5EE6DC}.Release|Any CPU.Build.0 = Release|Any CPU
	EndGlobalSection
	GlobalSection(SolutionProperties) = preSolution
		HideSolutionNode = FALSE
	EndGlobalSection
	GlobalSection(ExtensibilityGlobals) = postSolution
		SolutionGuid = {B28A45FC-0C98-4763-B112-6EF520A5A79A}
	EndGlobalSection
EndGlobal
